
Microsoft Visual Studio Solution File, Format Version 12.00
# Visual Studio Version 17
VisualStudioVersion = 17.14.35906.104 d17.14
MinimumVisualStudioVersion = 10.0.40219.1
Project("{FAE04EC0-301F-11D3-BF4B-00C04F79EFBC}") = "FoodOrderBots", "FoodOrderBots.csproj", "{8157B188-CE13-4D24-A18E-7F93811548F9}"
EndProject
Global
	GlobalSection(SolutionConfigurationPlatforms) = preSolution
		Debug|Any CPU = Debug|Any CPU
		Release|Any CPU = Release|Any CPU
	EndGlobalSection
	GlobalSection(ProjectConfigurationPlatforms) = postSolution
		{8157B188-CE13-4D24-A18E-7F93811548F9}.Debug|Any CPU.ActiveCfg = Debug|Any CPU
		{8157B188-CE13-4D24-A18E-7F93811548F9}.Debug|Any CPU.Build.0 = Debug|Any CPU
		{8157B188-CE13-4D24-A18E-7F93811548F9}.Release|Any CPU.ActiveCfg = Release|Any CPU
		{8157B188-CE13-4D24-A18E-7F93811548F9}.Release|Any CPU.Build.0 = Release|Any CPU
	EndGlobalSection
	GlobalSection(SolutionProperties) = preSolution
		HideSolutionNode = FALSE
	EndGlobalSection
	GlobalSection(ExtensibilityGlobals) = postSolution
		SolutionGuid = {8F416B53-C5DE-4232-94B8-173560295EF0}
	EndGlobalSection
EndGlobal
